Microsoft Visual Studio Solution File, Format Version 11.00
# Visual Studio 2010
Project("{F184B08F-C81C-45F6-A57F-5ABD9991F28F}") = "DXWebApplication5", "WebSite\DXWebApplication5.vbproj", "{6C9D5D41-BD3F-402B-B077-CEB53588DEFA}"
	ProjectSection(WebsiteProperties) = preProject
		Debug.AspNetCompiler.Debug = "True"
		Release.AspNetCompiler.Debug = "False"
	EndProjectSection
EndProject
Global
	GlobalSection(SolutionConfigurationPlatforms) = preSolution
		Debug|Any CPU = Debug|Any CPU
		Release|Any CPU = Release|Any CPU
	EndGlobalSection
	GlobalSection(ProjectConfigurationPlatforms) = postSolution
		{6C9D5D41-BD3F-402B-B077-CEB53588DEFA}.Debug|Any CPU.ActiveCfg = Debug|Any CPU
		{6C9D5D41-BD3F-402B-B077-CEB53588DEFA}.Debug|Any CPU.Build.0 = Debug|Any CPU
		{6C9D5D41-BD3F-402B-B077-CEB53588DEFA}.Release|Any CPU.ActiveCfg = Release|Any CPU
		{6C9D5D41-BD3F-402B-B077-CEB53588DEFA}.Release|Any CPU.Build.0 = Release|Any CPU
	EndGlobalSection
	GlobalSection(SolutionProperties) = preSolution
		HideSolutionNode = FALSE
	EndGlobalSection
EndGlobal
